
Microsoft Visual Studio Solution File, Format Version 12.00
# Visual Studio Version 16
VisualStudioVersion = 16.0.30621.155
MinimumVisualStudioVersion = 10.0.40219.1
Project("{FAE04EC0-301F-11D3-BF4B-00C04F79EFBC}") = "D2_E_Commerce.API", "D2_E_Commerce.API\D2_E_Commerce.API.csproj", "{40508630-EEBE-4798-BD3E-DBBD9AB0D88A}"
EndProject
Global
	GlobalSection(SolutionConfigurationPlatforms) = preSolution
		Debug|Any CPU = Debug|Any CPU
		Release|Any CPU = Release|Any CPU
	EndGlobalSection
	GlobalSection(ProjectConfigurationPlatforms) = postSolution
		{40508630-EEBE-4798-BD3E-DBBD9AB0D88A}.Debug|Any CPU.ActiveCfg = Debug|Any CPU
		{40508630-EEBE-4798-BD3E-DBBD9AB0D88A}.Debug|Any CPU.Build.0 = Debug|Any CPU
		{40508630-EEBE-4798-BD3E-DBBD9AB0D88A}.Release|Any CPU.ActiveCfg = Release|Any CPU
		{40508630-EEBE-4798-BD3E-DBBD9AB0D88A}.Release|Any CPU.Build.0 = Release|Any CPU
	EndGlobalSection
	GlobalSection(SolutionProperties) = preSolution
		HideSolutionNode = FALSE
	EndGlobalSection
	GlobalSection(ExtensibilityGlobals) = postSolution
		SolutionGuid = {981377CB-F393-404B-B966-FA9498CC1313}
	EndGlobalSection
EndGlobal
